// !$*UTF8*$!
{
	archiveVersion = 1;
	classes = {
	};
	objectVersion = 77;
	objects = {

/* Begin PBXBuildFile section */
		C10B7A0B2F86A9C400EEBF13 /* GoogleSignIn in Frameworks */ = {isa = PBXBuildFile; productRef = C10B7A0A2F86A9C400EEBF13 /* GoogleSignIn */; };
/* End PBXBuildFile section */

/* Begin PBXContainerItemProxy section */
		C1583CCD2F852CD400769FA3 /* PBXContainerItemProxy */ = {
			isa = PBXContainerItemProxy;
			containerPortal = C1583CAB2F852CD200769FA3 /* Project object */;
			proxyType = 1;
			remoteGlobalIDString = C1583CB22F852CD200769FA3;
			remoteInfo = MyGalleryApp;
		};
		C1583CD72F852CD400769FA3 /* PBXContainerItemProxy */ = {
			isa = PBXContainerItemProxy;
			containerPortal = C1583CAB2F852CD200769FA3 /* Project object */;
			proxyType = 1;
			remoteGlobalIDString = C1583CB22F852CD200769FA3;
			remoteInfo = MyGalleryApp;
		};
/* End PBXContainerItemProxy section */

/* Begin PBXFileReference section */
		C1583CB32F852CD200769FA3 /* MyGalleryApp.app */ = {isa = PBXFileReference; explicitFileType = wrapper.application; includeInIndex = 0; path = MyGalleryApp.app; sourceTree = BUILT_PRODUCTS_DIR; };
		C1583CCC2F852CD400769FA3 /* MyGalleryAppTests.xctest */ = {isa = PBXFileReference; explicitFileType = wrapper.cfbundle; includeInIndex = 0; path = MyGalleryAppTests.xctest; sourceTree = BUILT_PRODUCTS_DIR; };
		C1583CD62F852CD400769FA3 /* MyGalleryAppUITests.xctest */ = {isa = PBXFileReference; explicitFileType = wrapper.cfbundle; includeInIndex = 0; path = MyGalleryAppUITests.xctest; sourceTree = BUILT_PRODUCTS_DIR; };
/* End PBXFileReference section */

/* Begin PBXFileSystemSynchronizedBuildFileExceptionSet section */
		C1583CDE2F852CD400769FA3 /* Exceptions for "MyGalleryApp" folder in "MyGalleryApp" target */ = {
			isa = PBXFileSystemSynchronizedBuildFileExceptionSet;
			membershipExceptions = (
				Plist/Info.plist,
			);
			target = C1583CB22F852CD200769FA3 /* MyGalleryApp */;
		};
/* End PBXFileSystemSynchronizedBuildFileExceptionSet section */

/* Begin PBXFileSystemSynchronizedRootGroup section */
		C1583CB52F852CD200769FA3 /* MyGalleryApp */ = {
			isa = PBXFileSystemSynchronizedRootGroup;
			exceptions = (
				C1583CDE2F852CD400769FA3 /* Exceptions for "MyGalleryApp" folder in "MyGalleryApp" target */,
			);
			path = MyGalleryApp;
			sourceTree = "<group>";
		};
		C1583CCF2F852CD400769FA3 /* MyGalleryAppTests */ = {
			isa = PBXFileSystemSynchronizedRootGroup;
			path = MyGalleryAppTests;
			sourceTree = "<group>";
		};
		C1583CD92F852CD400769FA3 /* MyGalleryAppUITests */ = {
			isa = PBXFileSystemSynchronizedRootGroup;
			path = MyGalleryAppUITests;
			sourceTree = "<group>";
		};
/* End PBXFileSystemSynchronizedRootGroup section */

/* Begin PBXFrameworksBuildPhase section */
		C1583CB02F852CD200769FA3 /* Frameworks */ = {
			isa = PBXFrameworksBuildPhase;
			buildActionMask = 2147483647;
			files = (
				C10B7A0B2F86A9C400EEBF13 /* GoogleSignIn in Frameworks */,
			);
			runOnlyForDeploymentPostprocessing = 0;
		};
		C1583CC92F852CD400769FA3 /* Frameworks */ = {
			isa = PBXFrameworksBuildPhase;
			buildActionMask = 2147483647;
			files = (
			);
			runOnlyForDeploymentPostprocessing = 0;
		};
		C1583CD32F852CD400769FA3 /* Frameworks */ = {
			isa = PBXFrameworksBuildPhase;
			buildActionMask = 2147483647;
			files = (
			);
			runOnlyForDeploymentPostprocessing = 0;
		};
/* End PBXFrameworksBuildPhase section */

/* Begin PBXGroup section */
		C1583CAA2F852CD200769FA3 = {
			isa = PBXGroup;
			children = (
				C1583CB52F852CD200769FA3 /* MyGalleryApp */,
				C1583CCF2F852CD400769FA3 /* MyGalleryAppTests */,
				C1583CD92F852CD400769FA3 /* MyGalleryAppUITests */,
				C1583CB42F852CD200769FA3 /* Products */,
			);
			sourceTree = "<group>";
		};
		C1583CB42F852CD200769FA3 /* Products */ = {
			isa = PBXGroup;
			children = (
				C1583CB32F852CD200769FA3 /* MyGalleryApp.app */,
				C1583CCC2F852CD400769FA3 /* MyGalleryAppTests.xctest */,
				C1583CD62F852CD400769FA3 /* MyGalleryAppUITests.xctest */,
			);
			name = Products;
			sourceTree = "<group>";
		};
/* End PBXGroup section */

/* Begin PBXNativeTarget section */
		C1583CB22F852CD200769FA3 /* MyGalleryApp */ = {
			isa = PBXNativeTarget;
			buildConfigurationList = C1583CDF2F852CD400769FA3 /* Build configuration list for PBXNativeTarget "MyGalleryApp" */;
			buildPhases = (
				C1583CAF2F852CD200769FA3 /* Sources */,
				C1583CB02F852CD200769FA3 /* Frameworks */,
				C1583CB12F852CD200769FA3 /* Resources */,
			);
			buildRules = (
			);
			dependencies = (
			);
			fileSystemSynchronizedGroups = (
				C1583CB52F852CD200769FA3 /* MyGalleryApp */,
			);
			name = MyGalleryApp;
			packageProductDependencies = (
				C10B7A0A2F86A9C400EEBF13 /* GoogleSignIn */,
			);
			productName = MyGalleryApp;
			productReference = C1583CB32F852CD200769FA3 /* MyGalleryApp.app */;
			productType = "com.apple.product-type.application";
		};
		C1583CCB2F852CD400769FA3 /* MyGalleryAppTests */ = {
			isa = PBXNativeTarget;
			buildConfigurationList = C1583CE42F852CD400769FA3 /* Build configuration list for PBXNativeTarget "MyGalleryAppTests" */;
			buildPhases = (
				C1583CC82F852CD400769FA3 /* Sources */,
				C1583CC92F852CD400769FA3 /* Frameworks */,
				C1583CCA2F852CD400769FA3 /* Resources */,
			);
			buildRules = (
			);
			dependencies = (
				C1583CCE2F852CD400769FA3 /* PBXTargetDependency */,
			);
			fileSystemSynchronizedGroups = (
				C1583CCF2F852CD400769FA3 /* MyGalleryAppTests */,
			);
			name = MyGalleryAppTests;
			packageProductDependencies = (
			);
			productName = MyGalleryAppTests;
			productReference = C1583CCC2F852CD400769FA3 /* MyGalleryAppTests.xctest */;
			productType = "com.apple.product-type.bundle.unit-test";
		};
		C1583CD52F852CD400769FA3 /* MyGalleryAppUITests */ = {
			isa = PBXNativeTarget;
			buildConfigurationList = C1583CE72F852CD400769FA3 /* Build configuration list for PBXNativeTarget "MyGalleryAppUITests" */;
			buildPhases = (
				C1583CD22F852CD400769FA3 /* Sources */,
				C1583CD32F852CD400769FA3 /* Frameworks */,
				C1583CD42F852CD400769FA3 /* Resources */,
			);
			buildRules = (
			);
			dependencies = (
				C1583CD82F852CD400769FA3 /* PBXTargetDependency */,
			);
			fileSystemSynchronizedGroups = (
				C1583CD92F852CD400769FA3 /* MyGalleryAppUITests */,
			);
			name = MyGalleryAppUITests;
			packageProductDependencies = (
			);
			productName = MyGalleryAppUITests;
			productReference = C1583CD62F852CD400769FA3 /* MyGalleryAppUITests.xctest */;
			productType = "com.apple.product-type.bundle.ui-testing";
		};
/* End PBXNativeTarget section */

/* Begin PBXProject section */
		C1583CAB2F852CD200769FA3 /* Project object */ = {
			isa = PBXProject;
			attributes = {
				BuildIndependentTargetsInParallel = 1;
				LastSwiftUpdateCheck = 1630;
				LastUpgradeCheck = 1630;
				TargetAttributes = {
					C1583CB22F852CD200769FA3 = {
						CreatedOnToolsVersion = 16.3;
					};
					C1583CCB2F852CD400769FA3 = {
						CreatedOnToolsVersion = 16.3;
						TestTargetID = C1583CB22F852CD200769FA3;
					};
					C1583CD52F852CD400769FA3 = {
						CreatedOnToolsVersion = 16.3;
						TestTargetID = C1583CB22F852CD200769FA3;
					};
				};
			};
			buildConfigurationList = C1583CAE2F852CD200769FA3 /* Build configuration list for PBXProject "MyGalleryApp" */;
			developmentRegion = en;
			hasScannedForEncodings = 0;
			knownRegions = (
				en,
				Base,
			);
			mainGroup = C1583CAA2F852CD200769FA3;
			minimizedProjectReferenceProxies = 1;
			packageReferences = (
				C10B7A092F86A9C400EEBF13 /* XCRemoteSwiftPackageReference "GoogleSignIn-iOS" */,
			);
			preferredProjectObjectVersion = 77;
			productRefGroup = C1583CB42F852CD200769FA3 /* Products */;
			projectDirPath = "";
			projectRoot = "";
			targets = (
				C1583CB22F852CD200769FA3 /* MyGalleryApp */,
				C1583CCB2F852CD400769FA3 /* MyGalleryAppTests */,
				C1583CD52F852CD400769FA3 /* MyGalleryAppUITests */,
			);
		};
/* End PBXProject section */

/* Begin PBXResourcesBuildPhase section */
		C1583CB12F852CD200769FA3 /* Resources */ = {
			isa = PBXResourcesBuildPhase;
			buildActionMask = 2147483647;
			files = (
			);
			runOnlyForDeploymentPostprocessing = 0;
		};
		C1583CCA2F852CD400769FA3 /* Resources */ = {
			isa = PBXResourcesBuildPhase;
			buildActionMask = 2147483647;
			files = (
			);
			runOnlyForDeploymentPostprocessing = 0;
		};
		C1583CD42F852CD400769FA3 /* Resources */ = {
			isa = PBXResourcesBuildPhase;
			buildActionMask = 2147483647;
			files = (
			);
			runOnlyForDeploymentPostprocessing = 0;
		};
/* End PBXResourcesBuildPhase section */

/* Begin PBXSourcesBuildPhase section */
		C1583CAF2F852CD200769FA3 /* Sources */ = {
			isa = PBXSourcesBuildPhase;
			buildActionMask = 2147483647;
			files = (
			);
			runOnlyForDeploymentPostprocessing = 0;
		};
		C1583CC82F852CD400769FA3 /* Sources */ = {
			isa = PBXSourcesBuildPhase;
			buildActionMask = 2147483647;
			files = (
			);
			runOnlyForDeploymentPostprocessing = 0;
		};
		C1583CD22F852CD400769FA3 /* Sources */ = {
			isa = PBXSourcesBuildPhase;
			buildActionMask = 2147483647;
			files = (
			);
			runOnlyForDeploymentPostprocessing = 0;
		};
/* End PBXSourcesBuildPhase section */

/* Begin PBXTargetDependency section */
		C1583CCE2F852CD400769FA3 /* PBXTargetDependency */ = {
			isa = PBXTargetDependency;
			target = C1583CB22F852CD200769FA3 /* MyGalleryApp */;
			targetProxy = C1583CCD2F852CD400769FA3 /* PBXContainerItemProxy */;
		};
		C1583CD82F852CD400769FA3 /* PBXTargetDependency */ = {
			isa = PBXTargetDependency;
			target = C1583CB22F852CD200769FA3 /* MyGalleryApp */;
			targetProxy = C1583CD72F852CD400769FA3 /* PBXContainerItemProxy */;
		};
/* End PBXTargetDependency section */

/* Begin XCBuildConfiguration section */
		C1583CE02F852CD400769FA3 /* Debug */ = {
			isa = XCBuildConfiguration;
			buildSettings = {
				ASSETCATALOG_COMPILER_APPICON_NAME = AppIcon;
				ASSETCATALOG_COMPILER_GLOBAL_ACCENT_COLOR_NAME = AccentColor;
				"CODE_SIGN_IDENTITY[sdk=iphoneos*]" = "iPhone Developer";
				CODE_SIGN_STYLE = Manual;
				CURRENT_PROJECT_VERSION = 1;
				DEVELOPMENT_TEAM = "";
				"DEVELOPMENT_TEAM[sdk=iphoneos*]" = X67974428Z;
				GENERATE_INFOPLIST_FILE = YES;
				INFOPLIST_FILE = MyGalleryApp/Plist/Info.plist;
				INFOPLIST_KEY_UIApplicationSupportsIndirectInputEvents = YES;
				INFOPLIST_KEY_UILaunchStoryboardName = LaunchScreen;
				INFOPLIST_KEY_UIMainStoryboardFile = Authentication;
				INFOPLIST_KEY_UISupportedInterfaceOrientations_iPad = "UIInterfaceOrientationPortrait UIInterfaceOrientationPortraitUpsideDown UIInterfaceOrientationLandscapeLeft UIInterfaceOrientationLandscapeRight";
				INFOPLIST_KEY_UISupportedInterfaceOrientations_iPhone = "UIInterfaceOrientationPortrait UIInterfaceOrientationLandscapeLeft UIInterfaceOrientationLandscapeRight";
				LD_RUNPATH_SEARCH_PATHS = (
					"$(inherited)",
					"@executable_path/Frameworks",
				);
				MARKETING_VERSION = 1.0;
				PRODUCT_BUNDLE_IDENTIFIER = com.mygalleryapp;
				PRODUCT_NAME = "$(TARGET_NAME)";
				PROVISIONING_PROFILE_SPECIFIER = "";
				"PROVISIONING_PROFILE_SPECIFIER[sdk=iphoneos*]" = NuskinDriver_Development;
				SUPPORTED_PLATFORMS = "iphoneos iphonesimulator";
				SUPPORTS_MACCATALYST = NO;
				SUPPORTS_MAC_DESIGNED_FOR_IPHONE_IPAD = NO;
				SUPPORTS_XR_DESIGNED_FOR_IPHONE_IPAD = NO;
				SWIFT_EMIT_LOC_STRINGS = YES;
				SWIFT_VERSION = 5.0;
				TARGETED_DEVICE_FAMILY = 1;
			};
			name = Debug;
		};
		C1583CE12F852CD400769FA3 /* Release */ = {
			isa = XCBuildConfiguration;
			buildSettings = {
				ASSETCATALOG_COMPILER_APPICON_NAME = AppIcon;
				ASSETCATALOG_COMPILER_GLOBAL_ACCENT_COLOR_NAME = AccentColor;
				"CODE_SIGN_IDENTITY[sdk=iphoneos*]" = "iPhone Developer";
				CODE_SIGN_STYLE = Manual;
				CURRENT_PROJECT_VERSION = 1;
				DEVELOPMENT_TEAM = "";
				"DEVELOPMENT_TEAM[sdk=iphoneos*]" = X67974428Z;
				GENERATE_INFOPLIST_FILE = YES;
				INFOPLIST_FILE = MyGalleryApp/Plist/Info.plist;
				INFOPLIST_KEY_UIApplicationSupportsIndirectInputEvents = YES;
				INFOPLIST_KEY_UILaunchStoryboardName = LaunchScreen;
				INFOPLIST_KEY_UIMainStoryboardFile = Authentication;
				INFOPLIST_KEY_UISupportedInterfaceOrientations_iPad = "UIInterfaceOrientationPortrait UIInterfaceOrientationPortraitUpsideDown UIInterfaceOrientationLandscapeLeft UIInterfaceOrientationLandscapeRight";
				INFOPLIST_KEY_UISupportedInterfaceOrientations_iPhone = "UIInterfaceOrientationPortrait UIInterfaceOrientationLandscapeLeft UIInterfaceOrientationLandscapeRight";
				LD_RUNPATH_SEARCH_PATHS = (
					"$(inherited)",
					"@executable_path/Frameworks",
				);
				MARKETING_VERSION = 1.0;
				PRODUCT_BUNDLE_IDENTIFIER = com.mygalleryapp;
				PRODUCT_NAME = "$(TARGET_NAME)";
				PROVISIONING_PROFILE_SPECIFIER = "";
				"PROVISIONING_PROFILE_SPECIFIER[sdk=iphoneos*]" = NuskinDriver_Development;
				SUPPORTED_PLATFORMS = "iphoneos iphonesimulator";
				SUPPORTS_MACCATALYST = NO;
				SUPPORTS_MAC_DESIGNED_FOR_IPHONE_IPAD = NO;
				SUPPORTS_XR_DESIGNED_FOR_IPHONE_IPAD = NO;
				SWIFT_EMIT_LOC_STRINGS = YES;
				SWIFT_VERSION = 5.0;
				TARGETED_DEVICE_FAMILY = 1;
			};
			name = Release;
		};
		C1583CE22F852CD400769FA3 /* Debug */ = {
			isa = XCBuildConfiguration;
			buildSettings = {
				ALWAYS_SEARCH_USER_PATHS = NO;
				ASSETCATALOG_COMPILER_GENERATE_SWIFT_ASSET_SYMBOL_EXTENSIONS = YES;
				CLANG_ANALYZER_NONNULL = YES;
				CLANG_ANALYZER_NUMBER_OBJECT_CONVERSION = YES_AGGRESSIVE;
				CLANG_CXX_LANGUAGE_STANDARD = "gnu++20";
				CLANG_ENABLE_MODULES = YES;
				CLANG_ENABLE_OBJC_ARC = YES;
				CLANG_ENABLE_OBJC_WEAK = YES;
				CLANG_WARN_BLOCK_CAPTURE_AUTORELEASING = YES;
				CLANG_WARN_BOOL_CONVERSION = YES;
				CLANG_WARN_COMMA = YES;
				CLANG_WARN_CONSTANT_CONVERSION = YES;
				CLANG_WARN_DEPRECATED_OBJC_IMPLEMENTATIONS = YES;
				CLANG_WARN_DIRECT_OBJC_ISA_USAGE = YES_ERROR;
				CLANG_WARN_DOCUMENTATION_COMMENTS = YES;
				CLANG_WARN_EMPTY_BODY = YES;
				CLANG_WARN_ENUM_CONVERSION = YES;
				CLANG_WARN_INFINITE_RECURSION = YES;
				CLANG_WARN_INT_CONVERSION = YES;
				CLANG_WARN_NON_LITERAL_NULL_CONVERSION = YES;
				CLANG_WARN_OBJC_IMPLICIT_RETAIN_SELF = YES;
				CLANG_WARN_OBJC_LITERAL_CONVERSION = YES;
				CLANG_WARN_OBJC_ROOT_CLASS = YES_ERROR;
				CLANG_WARN_QUOTED_INCLUDE_IN_FRAMEWORK_HEADER = YES;
				CLANG_WARN_RANGE_LOOP_ANALYSIS = YES;
				CLANG_WARN_STRICT_PROTOTYPES = YES;
				CLANG_WARN_SUSPICIOUS_MOVE = YES;
				CLANG_WARN_UNGUARDED_AVAILABILITY = YES_AGGRESSIVE;
				CLANG_WARN_UNREACHABLE_CODE = YES;
				CLANG_WARN__DUPLICATE_METHOD_MATCH = YES;
				COPY_PHASE_STRIP = NO;
				DEBUG_INFORMATION_FORMAT = dwarf;
				ENABLE_STRICT_OBJC_MSGSEND = YES;
				ENABLE_TESTABILITY = YES;
				ENABLE_USER_SCRIPT_SANDBOXING = YES;
				GCC_C_LANGUAGE_STANDARD = gnu17;
				GCC_DYNAMIC_NO_PIC = NO;
				GCC_NO_COMMON_BLOCKS = YES;
				GCC_OPTIMIZATION_LEVEL = 0;
				GCC_PREPROCESSOR_DEFINITIONS = (
					"DEBUG=1",
					"$(inherited)",
				);
				GCC_WARN_64_TO_32_BIT_CONVERSION = YES;
				GCC_WARN_ABOUT_RETURN_TYPE = YES_ERROR;
				GCC_WARN_UNDECLARED_SELECTOR = YES;
				GCC_WARN_UNINITIALIZED_AUTOS = YES_AGGRESSIVE;
				GCC_WARN_UNUSED_FUNCTION = YES;
				GCC_WARN_UNUSED_VARIABLE = YES;
				IPHONEOS_DEPLOYMENT_TARGET = 18.4;
				LOCALIZATION_PREFERS_STRING_CATALOGS = YES;
				MTL_ENABLE_DEBUG_INFO = INCLUDE_SOURCE;
				MTL_FAST_MATH = YES;
				ONLY_ACTIVE_ARCH = YES;
				SDKROOT = iphoneos;
				SWIFT_ACTIVE_COMPILATION_CONDITIONS = "DEBUG $(inherited)";
				SWIFT_OPTIMIZATION_LEVEL = "-Onone";
			};
			name = Debug;
		};
		C1583CE32F852CD400769FA3 /* Release */ = {
			isa = XCBuildConfiguration;
			buildSettings = {
				ALWAYS_SEARCH_USER_PATHS = NO;
				ASSETCATALOG_COMPILER_GENERATE_SWIFT_ASSET_SYMBOL_EXTENSIONS = YES;
				CLANG_ANALYZER_NONNULL = YES;
				CLANG_ANALYZER_NUMBER_OBJECT_CONVERSION = YES_AGGRESSIVE;
				CLANG_CXX_LANGUAGE_STANDARD = "gnu++20";
				CLANG_ENABLE_MODULES = YES;
				CLANG_ENABLE_OBJC_ARC = YES;
				CLANG_ENABLE_OBJC_WEAK = YES;
				CLANG_WARN_BLOCK_CAPTURE_AUTORELEASING = YES;
				CLANG_WARN_BOOL_CONVERSION = YES;
				CLANG_WARN_COMMA = YES;
				CLANG_WARN_CONSTANT_CONVERSION = YES;
				CLANG_WARN_DEPRECATED_OBJC_IMPLEMENTATIONS = YES;
				CLANG_WARN_DIRECT_OBJC_ISA_USAGE = YES_ERROR;
				CLANG_WARN_DOCUMENTATION_COMMENTS = YES;
				CLANG_WARN_EMPTY_BODY = YES;
				CLANG_WARN_ENUM_CONVERSION = YES;
				CLANG_WARN_INFINITE_RECURSION = YES;
				CLANG_WARN_INT_CONVERSION = YES;
				CLANG_WARN_NON_LITERAL_NULL_CONVERSION = YES;
				CLANG_WARN_OBJC_IMPLICIT_RETAIN_SELF = YES;
				CLANG_WARN_OBJC_LITERAL_CONVERSION = YES;
				CLANG_WARN_OBJC_ROOT_CLASS = YES_ERROR;
				CLANG_WARN_QUOTED_INCLUDE_IN_FRAMEWORK_HEADER = YES;
				CLANG_WARN_RANGE_LOOP_ANALYSIS = YES;
				CLANG_WARN_STRICT_PROTOTYPES = YES;
				CLANG_WARN_SUSPICIOUS_MOVE = YES;
				CLANG_WARN_UNGUARDED_AVAILABILITY = YES_AGGRESSIVE;
				CLANG_WARN_UNREACHABLE_CODE = YES;
				CLANG_WARN__DUPLICATE_METHOD_MATCH = YES;
				COPY_PHASE_STRIP = NO;
				DEBUG_INFORMATION_FORMAT = "dwarf-with-dsym";
				ENABLE_NS_ASSERTIONS = NO;
				ENABLE_STRICT_OBJC_MSGSEND = YES;
				ENABLE_USER_SCRIPT_SANDBOXING = YES;
				GCC_C_LANGUAGE_STANDARD = gnu17;
				GCC_NO_COMMON_BLOCKS = YES;
				GCC_WARN_64_TO_32_BIT_CONVERSION = YES;
				GCC_WARN_ABOUT_RETURN_TYPE = YES_ERROR;
				GCC_WARN_UNDECLARED_SELECTOR = YES;
				GCC_WARN_UNINITIALIZED_AUTOS = YES_AGGRESSIVE;
				GCC_WARN_UNUSED_FUNCTION = YES;
				GCC_WARN_UNUSED_VARIABLE = YES;
				IPHONEOS_DEPLOYMENT_TARGET = 18.4;
				LOCALIZATION_PREFERS_STRING_CATALOGS = YES;
				MTL_ENABLE_DEBUG_INFO = NO;
				MTL_FAST_MATH = YES;
				SDKROOT = iphoneos;
				SWIFT_COMPILATION_MODE = wholemodule;
				VALIDATE_PRODUCT = YES;
			};
			name = Release;
		};
		C1583CE52F852CD400769FA3 /* Debug */ = {
			isa = XCBuildConfiguration;
			buildSettings = {
				BUNDLE_LOADER = "$(TEST_HOST)";
				CODE_SIGN_STYLE = Automatic;
				CURRENT_PROJECT_VERSION = 1;
				GENERATE_INFOPLIST_FILE = YES;
				IPHONEOS_DEPLOYMENT_TARGET = 18.4;
				MARKETING_VERSION = 1.0;
				PRODUCT_BUNDLE_IDENTIFIER = self.MyGalleryAppTests;
				PRODUCT_NAME = "$(TARGET_NAME)";
				SWIFT_EMIT_LOC_STRINGS = NO;
				SWIFT_VERSION = 5.0;
				TARGETED_DEVICE_FAMILY = "1,2";
				TEST_HOST = "$(BUILT_PRODUCTS_DIR)/MyGalleryApp.app/$(BUNDLE_EXECUTABLE_FOLDER_PATH)/MyGalleryApp";
			};
			name = Debug;
		};
		C1583CE62F852CD400769FA3 /* Release */ = {
			isa = XCBuildConfiguration;
			buildSettings = {
				BUNDLE_LOADER = "$(TEST_HOST)";
				CODE_SIGN_STYLE = Automatic;
				CURRENT_PROJECT_VERSION = 1;
				GENERATE_INFOPLIST_FILE = YES;
				IPHONEOS_DEPLOYMENT_TARGET = 18.4;
				MARKETING_VERSION = 1.0;
				PRODUCT_BUNDLE_IDENTIFIER = self.MyGalleryAppTests;
				PRODUCT_NAME = "$(TARGET_NAME)";
				SWIFT_EMIT_LOC_STRINGS = NO;
				SWIFT_VERSION = 5.0;
				TARGETED_DEVICE_FAMILY = "1,2";
				TEST_HOST = "$(BUILT_PRODUCTS_DIR)/MyGalleryApp.app/$(BUNDLE_EXECUTABLE_FOLDER_PATH)/MyGalleryApp";
			};
			name = Release;
		};
		C1583CE82F852CD400769FA3 /* Debug */ = {
			isa = XCBuildConfiguration;
			buildSettings = {
				CODE_SIGN_STYLE = Automatic;
				CURRENT_PROJECT_VERSION = 1;
				GENERATE_INFOPLIST_FILE = YES;
				MARKETING_VERSION = 1.0;
				PRODUCT_BUNDLE_IDENTIFIER = self.MyGalleryAppUITests;
				PRODUCT_NAME = "$(TARGET_NAME)";
				SWIFT_EMIT_LOC_STRINGS = NO;
				SWIFT_VERSION = 5.0;
				TARGETED_DEVICE_FAMILY = "1,2";
				TEST_TARGET_NAME = MyGalleryApp;
			};
			name = Debug;
		};
		C1583CE92F852CD400769FA3 /* Release */ = {
			isa = XCBuildConfiguration;
			buildSettings = {
				CODE_SIGN_STYLE = Automatic;
				CURRENT_PROJECT_VERSION = 1;
				GENERATE_INFOPLIST_FILE = YES;
				MARKETING_VERSION = 1.0;
				PRODUCT_BUNDLE_IDENTIFIER = self.MyGalleryAppUITests;
				PRODUCT_NAME = "$(TARGET_NAME)";
				SWIFT_EMIT_LOC_STRINGS = NO;
				SWIFT_VERSION = 5.0;
				TARGETED_DEVICE_FAMILY = "1,2";
				TEST_TARGET_NAME = MyGalleryApp;
			};
			name = Release;
		};
/* End XCBuildConfiguration section */

/* Begin XCConfigurationList section */
		C1583CAE2F852CD200769FA3 /* Build configuration list for PBXProject "MyGalleryApp" */ = {
			isa = XCConfigurationList;
			buildConfigurations = (
				C1583CE22F852CD400769FA3 /* Debug */,
				C1583CE32F852CD400769FA3 /* Release */,
			);
			defaultConfigurationIsVisible = 0;
			defaultConfigurationName = Release;
		};
		C1583CDF2F852CD400769FA3 /* Build configuration list for PBXNativeTarget "MyGalleryApp" */ = {
			isa = XCConfigurationList;
			buildConfigurations = (
				C1583CE02F852CD400769FA3 /* Debug */,
				C1583CE12F852CD400769FA3 /* Release */,
			);
			defaultConfigurationIsVisible = 0;
			defaultConfigurationName = Release;
		};
		C1583CE42F852CD400769FA3 /* Build configuration list for PBXNativeTarget "MyGalleryAppTests" */ = {
			isa = XCConfigurationList;
			buildConfigurations = (
				C1583CE52F852CD400769FA3 /* Debug */,
				C1583CE62F852CD400769FA3 /* Release */,
			);
			defaultConfigurationIsVisible = 0;
			defaultConfigurationName = Release;
		};
		C1583CE72F852CD400769FA3 /* Build configuration list for PBXNativeTarget "MyGalleryAppUITests" */ = {
			isa = XCConfigurationList;
			buildConfigurations = (
				C1583CE82F852CD400769FA3 /* Debug */,
				C1583CE92F852CD400769FA3 /* Release */,
			);
			defaultConfigurationIsVisible = 0;
			defaultConfigurationName = Release;
		};
/* End XCConfigurationList section */

/* Begin XCRemoteSwiftPackageReference section */
		C10B7A092F86A9C400EEBF13 /* XCRemoteSwiftPackageReference "GoogleSignIn-iOS" */ = {
			isa = XCRemoteSwiftPackageReference;
			repositoryURL = "https://github.com/google/GoogleSignIn-iOS";
			requirement = {
				kind = upToNextMinorVersion;
				minimumVersion = 9.1.0;
			};
		};
/* End XCRemoteSwiftPackageReference section */

/* Begin XCSwiftPackageProductDependency section */
		C10B7A0A2F86A9C400EEBF13 /* GoogleSignIn */ = {
			isa = XCSwiftPackageProductDependency;
			package = C10B7A092F86A9C400EEBF13 /* XCRemoteSwiftPackageReference "GoogleSignIn-iOS" */;
			productName = GoogleSignIn;
		};
/* End XCSwiftPackageProductDependency section */
	};
	rootObject = C1583CAB2F852CD200769FA3 /* Project object */;
}
